{
  "name": "next-email-validator",
  "version": "0.1.0",
  "lockfileVersion": 2,
  "requires": true,
  "packages": {
    "": {
      "name": "next-email-validator",
      "version": "0.1.0",
      "dependencies": {
        "cors": "^2.8.5",
        "email-deep-validator": "^3.3.0",
        "is-biz-mail": "^0.3.3"
      }
    },
    "node_modules/cors": {
      "version": "2.8.5",
      "resolved": "https://registry.npmjs.org/cors/-/cors-2.8.5.tgz",
      "integrity": "sha512-KIHbLJqu73RGr/hnbrO9uBeixNGuvSQjul/jdFvS/KFSIH1hWVd1ng7zOHx+YrEfInLG7q4n6GHQ9cDtxv/P6g==",
      "dependencies": {
        "object-assign": "^4",
        "vary": "^1"
      },
      "engines": {
        "node": ">= 0.10"
      }
    },
    "node_modules/email-deep-validator": {
      "version": "3.3.0",
      "resolved": "https://registry.npmjs.org/email-deep-validator/-/email-deep-validator-3.3.0.tgz",
      "integrity": "sha512-iTthLvoKphPK56T2ge5uTxDFixcXfVMfjPQyJewSv9ZbbocdfmYyoB6rZQYEK5uCOsId2tYsY2/+5J9vbr2spw==",
      "dependencies": {
        "loglevel": "^1.6.1"
      }
    },
    "node_modules/is-biz-mail": {
      "version": "0.3.3",
      "resolved": "https://registry.npmjs.org/is-biz-mail/-/is-biz-mail-0.3.3.tgz",
      "integrity": "sha512-V2qah62e3BRXD8xxWnL/LSedubCGNkHfugLZZInfva+ewSrRMsCYnYwwwUUcPHwS+GYc3MAqUzsu7BD55KaPag=="
    },
    "node_modules/loglevel": {
      "version": "1.7.1",
      "resolved": "https://registry.npmjs.org/loglevel/-/loglevel-1.7.1.tgz",
      "integrity": "sha512-Hesni4s5UkWkwCGJMQGAh71PaLUmKFM60dHvq0zi/vDhhrzuk+4GgNbTXJ12YYQJn6ZKBDNIjYcuQGKudvqrIw==",
      "engines": {
        "node": ">= 0.6.0"
      },
      "funding": {
        "type": "tidelift",
        "url": "https://tidelift.com/funding/github/npm/loglevel"
      }
    },
    "node_modules/object-assign": {
      "version": "4.1.1",
      "resolved": "https://registry.npmjs.org/object-assign/-/object-assign-4.1.1.tgz",
      "integrity": "sha1-IQmtx5ZYh8/AXLvUQsrIv7s2CGM=",
      "engines": {
        "node": ">=0.10.0"
      }
    },
    "node_modules/vary": {
      "version": "1.1.2",
      "resolved": "https://registry.npmjs.org/vary/-/vary-1.1.2.tgz",
      "integrity": "sha1-IpnwLG3tMNSllhsLn3RSShj2NPw=",
      "engines": {
        "node": ">= 0.8"
      }
    }
  },
  "dependencies": {
    "cors": {
      "version": "2.8.5",
      "resolved": "https://registry.npmjs.org/cors/-/cors-2.8.5.tgz",
      "integrity": "sha512-KIHbLJqu73RGr/hnbrO9uBeixNGuvSQjul/jdFvS/KFSIH1hWVd1ng7zOHx+YrEfInLG7q4n6GHQ9cDtxv/P6g==",
      "requires": {
        "object-assign": "^4",
        "vary": "^1"
      }
    },
    "email-deep-validator": {
      "version": "3.3.0",
      "resolved": "https://registry.npmjs.org/email-deep-validator/-/email-deep-validator-3.3.0.tgz",
      "integrity": "sha512-iTthLvoKphPK56T2ge5uTxDFixcXfVMfjPQyJewSv9ZbbocdfmYyoB6rZQYEK5uCOsId2tYsY2/+5J9vbr2spw==",
      "requires": {
        "loglevel": "^1.6.1"
      }
    },
    "is-biz-mail": {
      "version": "0.3.3",
      "resolved": "https://registry.npmjs.org/is-biz-mail/-/is-biz-mail-0.3.3.tgz",
      "integrity": "sha512-V2qah62e3BRXD8xxWnL/LSedubCGNkHfugLZZInfva+ewSrRMsCYnYwwwUUcPHwS+GYc3MAqUzsu7BD55KaPag=="
    },
    "loglevel": {
      "version": "1.7.1",
      "resolved": "https://registry.npmjs.org/loglevel/-/loglevel-1.7.1.tgz",
      "integrity": "sha512-Hesni4s5UkWkwCGJMQGAh71PaLUmKFM60dHvq0zi/vDhhrzuk+4GgNbTXJ12YYQJn6ZKBDNIjYcuQGKudvqrIw=="
    },
    "object-assign": {
      "version": "4.1.1",
      "resolved": "https://registry.npmjs.org/object-assign/-/object-assign-4.1.1.tgz",
      "integrity": "sha1-IQmtx5ZYh8/AXLvUQsrIv7s2CGM="
    },
    "vary": {
      "version": "1.1.2",
      "resolved": "https://registry.npmjs.org/vary/-/vary-1.1.2.tgz",
      "integrity": "sha1-IpnwLG3tMNSllhsLn3RSShj2NPw="
    }
  }
}
